
Microsoft Visual Studio Solution File, Format Version 12.00
# Visual Studio Version 17
VisualStudioVersion = 17.5.33516.290
MinimumVisualStudioVersion = 10.0.40219.1
Project("{FAE04EC0-301F-11D3-BF4B-00C04F79EFBC}") = "Weight Tracker", "Weight Tracker\Weight Tracker.csproj", "{4E1A1458-F931-47D1-9C37-1C0D96349349}"
EndProject
Global
	GlobalSection(SolutionConfigurationPlatforms) = preSolution
		Debug|Any CPU = Debug|Any CPU
		Release|Any CPU = Release|Any CPU
	EndGlobalSection
	GlobalSection(ProjectConfigurationPlatforms) = postSolution
		{4E1A1458-F931-47D1-9C37-1C0D96349349}.Debug|Any CPU.ActiveCfg = Debug|Any CPU
		{4E1A1458-F931-47D1-9C37-1C0D96349349}.Debug|Any CPU.Build.0 = Debug|Any CPU
		{4E1A1458-F931-47D1-9C37-1C0D96349349}.Release|Any CPU.ActiveCfg = Release|Any CPU
		{4E1A1458-F931-47D1-9C37-1C0D96349349}.Release|Any CPU.Build.0 = Release|Any CPU
	EndGlobalSection
	GlobalSection(SolutionProperties) = preSolution
		HideSolutionNode = FALSE
	EndGlobalSection
	GlobalSection(ExtensibilityGlobals) = postSolution
		SolutionGuid = {208BB0E5-5BD2-4B12-8B6C-443B33BCDDD6}
	EndGlobalSection
EndGlobal
